{
	"name": "soundcloud-clone",
	"version": "1.0.0",
	"lockfileVersion": 2,
	"requires": true,
	"packages": {
		"": {
			"name": "soundcloud-clone",
			"version": "1.0.0",
			"hasInstallScript": true,
			"license": "ISC",
			"dependencies": {
				"zipcode-city-distance": "^1.0.6"
			}
		},
		"node_modules/zipcode-city-distance": {
			"version": "1.0.6",
			"resolved": "https://registry.npmjs.org/zipcode-city-distance/-/zipcode-city-distance-1.0.6.tgz",
			"integrity": "sha512-9l6H//uJ+mRKnzOFCqbiVvWOkG9/dx3oirCS37JA1AQAWqP8pK2PdamxYwrTOlKR+qrVWb+EV0YCOWqcxKQg6A=="
		}
	},
	"dependencies": {
		"zipcode-city-distance": {
			"version": "1.0.6",
			"resolved": "https://registry.npmjs.org/zipcode-city-distance/-/zipcode-city-distance-1.0.6.tgz",
			"integrity": "sha512-9l6H//uJ+mRKnzOFCqbiVvWOkG9/dx3oirCS37JA1AQAWqP8pK2PdamxYwrTOlKR+qrVWb+EV0YCOWqcxKQg6A=="
		}
	}
}
